github.com/Shopify/go-lua v0.0.0-20170726020116-88a6f168eee0 h1:baru7XkOzhFCqFynRxPU58MTjPjoozLdl1DTKGzfmHI=
github.com/Shopify/go-lua v0.0.0-20170726020116-88a6f168eee0/go.mod h1:lvS2IGWEGk+KQkRrCXuWlcsHO5BitT0HyhnP51rh3gA=
github.com/chzyer/readline v0.0.0-20160726135117-62c6fe619375 h1:JVe1zduaiPlSLOuQcU/MqRJkBbWRPsjdW48+20AtJXM=
github.com/chzyer/readline v0.0.0-20160726135117-62c6fe619375/go.mod h1:nSuG5e5PlCu98SY8svDHJxuZscDgtXS6KTTbou5AhLI=
github.com/coreos/bbolt v1.3.3 h1:n6AiVyVRKQFNb6mJlwESEvvLoDyiTzXX7ORAUlkeBdY=
github.com/coreos/bbolt v1.3.3/go.mod h1:iRUV2dpdMOn7Bo10OQBFzIJO9kkE559Wcmn+qkEiiKk=
github.com/davecgh/go-spew v1.1.0 h1:ZDRjVQ15GmhC3fiQ8ni8+OwkZQO4DARzQgrnXU1Liz8=
github.com/davecgh/go-spew v1.1.0/go.mod h1:J7Y8YcW2NihsgmVo/mv3lAwl/skON4iLHjSsI+c5H38=
github.com/gobwas/glob v0.2.2 h1:czsC5u90AkrSujyGY0l7ST7QVLEPrdoMoXxRx/hXgq0=
github.com/gobwas/glob v0.2.2/go.mod h1:d3Ez4x06l9bZtSvzIay5+Yzi0fmZzPgnTbPcKjJAkT8=
github.com/pmezard/go-difflib v1.0.0 h1:4DBwDE0NGyQoBHbLQYPwSUPoCMWR5BEzIk/f1lZbAQM=
github.com/pmezard/go-difflib v1.0.0/go.mod h1:iKH77koFhYxTK1pcRnkKkqfTogsbg7gZNVY4sRDYZ/4=
github.com/stretchr/testify v1.1.4 h1:ToftOQTytwshuOSj6bDSolVUa3GINfJP/fg3OkkOzQQ=
github.com/stretchr/testify v1.1.4/go.mod h1:a8OnRcib4nhh0OaRAV+Yts87kKdq0PP7pXfy6kDkUVs=
